{
  "name": "nodefileserver",
  "version": "0.0.1",
  "lockfileVersion": 2,
  "requires": true,
  "packages": {
    "": {
      "name": "nodefileserver",
      "version": "0.0.1",
      "license": "MIT",
      "dependencies": {
        "4crud": "^0.1.5",
        "mime": "^2.5.2"
      }
    },
    "node_modules/4crud": {
      "version": "0.1.5",
      "resolved": "https://registry.npmjs.org/4crud/-/4crud-0.1.5.tgz",
      "integrity": "sha512-rSObnC0VYkHTMQt8sMgxo9Aa9GABZfSPjnqjcMuNWAF02PrwwQ8qR7QGaveV8bWRXqhd6NYN/Gl2PF/PTcDmsA=="
    },
    "node_modules/mime": {
      "version": "2.5.2",
      "resolved": "https://registry.npmjs.org/mime/-/mime-2.5.2.tgz",
      "integrity": "sha512-tqkh47FzKeCPD2PUiPB6pkbMzsCasjxAfC62/Wap5qrUWcb+sFasXUC5I3gYM5iBM8v/Qpn4UK0x+j0iHyFPDg==",
      "bin": {
        "mime": "cli.js"
      },
      "engines": {
        "node": ">=4.0.0"
      }
    }
  },
  "dependencies": {
    "4crud": {
      "version": "0.1.5",
      "resolved": "https://registry.npmjs.org/4crud/-/4crud-0.1.5.tgz",
      "integrity": "sha512-rSObnC0VYkHTMQt8sMgxo9Aa9GABZfSPjnqjcMuNWAF02PrwwQ8qR7QGaveV8bWRXqhd6NYN/Gl2PF/PTcDmsA=="
    },
    "mime": {
      "version": "2.5.2",
      "resolved": "https://registry.npmjs.org/mime/-/mime-2.5.2.tgz",
      "integrity": "sha512-tqkh47FzKeCPD2PUiPB6pkbMzsCasjxAfC62/Wap5qrUWcb+sFasXUC5I3gYM5iBM8v/Qpn4UK0x+j0iHyFPDg=="
    }
  }
}
